
Microsoft Visual Studio Solution File, Format Version 12.00
# Visual Studio 15
VisualStudioVersion = 15.0.27130.2010
MinimumVisualStudioVersion = 15.0.26730.16
Project("{9A19103F-16F7-4668-BE54-9A1E7A4F7556}") = "ParticularTemplates", "ParticularTemplates\ParticularTemplates.csproj", "{39D942F2-4FF2-4505-86F3-832055C508BB}"
EndProject
Project("{2150E333-8FDC-42A3-9474-1A3956D46DE8}") = "Templates", "Templates", "{1E6DD700-E344-49F1-9E50-7E3C37BBAB2A}"
EndProject
Project("{9A19103F-16F7-4668-BE54-9A1E7A4F7556}") = "Tests", "Tests\Tests.csproj", "{80846796-EB4D-48BD-B8B1-0C76406AAE0A}"
EndProject
Project("{9A19103F-16F7-4668-BE54-9A1E7A4F7556}") = "NServiceBusWindowsService", "Templates\NServiceBusWindowsService\NServiceBusWindowsService.csproj", "{E5AE8FAA-E717-40EA-9D0F-259FC099D7D4}"
EndProject
Project("{9A19103F-16F7-4668-BE54-9A1E7A4F7556}") = "ScAdapterService", "Templates\ScAdapterService\ScAdapterService.csproj", "{4A32CC07-66DB-4024-914D-BF146679A03D}"
EndProject
Project("{2150E333-8FDC-42A3-9474-1A3956D46DE8}") = "Solution Items", "Solution Items", "{B2AF749A-F62F-4E32-BB5E-B3128850DCE8}"
	ProjectSection(SolutionItems) = preProject
		..\GitVersion.yml = ..\GitVersion.yml
	EndProjectSection
EndProject
Project("{9A19103F-16F7-4668-BE54-9A1E7A4F7556}") = "NsbDockerEndpoint", "Templates\DockerEndpoint\NsbDockerEndpoint.csproj", "{CBB189F6-0FE5-4472-B7FE-B42BB56AE1D2}"
EndProject
Global
	GlobalSection(SolutionConfigurationPlatforms) = preSolution
		Debug|Any CPU = Debug|Any CPU
		Release|Any CPU = Release|Any CPU
	EndGlobalSection
	GlobalSection(ProjectConfigurationPlatforms) = postSolution
		{39D942F2-4FF2-4505-86F3-832055C508BB}.Debug|Any CPU.ActiveCfg = Debug|Any CPU
		{39D942F2-4FF2-4505-86F3-832055C508BB}.Debug|Any CPU.Build.0 = Debug|Any CPU
		{39D942F2-4FF2-4505-86F3-832055C508BB}.Release|Any CPU.ActiveCfg = Release|Any CPU
		{39D942F2-4FF2-4505-86F3-832055C508BB}.Release|Any CPU.Build.0 = Release|Any CPU
		{80846796-EB4D-48BD-B8B1-0C76406AAE0A}.Debug|Any CPU.ActiveCfg = Debug|Any CPU
		{80846796-EB4D-48BD-B8B1-0C76406AAE0A}.Debug|Any CPU.Build.0 = Debug|Any CPU
		{80846796-EB4D-48BD-B8B1-0C76406AAE0A}.Release|Any CPU.ActiveCfg = Release|Any CPU
		{80846796-EB4D-48BD-B8B1-0C76406AAE0A}.Release|Any CPU.Build.0 = Release|Any CPU
		{E5AE8FAA-E717-40EA-9D0F-259FC099D7D4}.Debug|Any CPU.ActiveCfg = Debug|Any CPU
		{E5AE8FAA-E717-40EA-9D0F-259FC099D7D4}.Debug|Any CPU.Build.0 = Debug|Any CPU
		{E5AE8FAA-E717-40EA-9D0F-259FC099D7D4}.Release|Any CPU.ActiveCfg = Release|Any CPU
		{E5AE8FAA-E717-40EA-9D0F-259FC099D7D4}.Release|Any CPU.Build.0 = Release|Any CPU
		{4A32CC07-66DB-4024-914D-BF146679A03D}.Debug|Any CPU.ActiveCfg = Debug|Any CPU
		{4A32CC07-66DB-4024-914D-BF146679A03D}.Debug|Any CPU.Build.0 = Debug|Any CPU
		{4A32CC07-66DB-4024-914D-BF146679A03D}.Release|Any CPU.ActiveCfg = Release|Any CPU
		{4A32CC07-66DB-4024-914D-BF146679A03D}.Release|Any CPU.Build.0 = Release|Any CPU
		{CBB189F6-0FE5-4472-B7FE-B42BB56AE1D2}.Debug|Any CPU.ActiveCfg = Debug|Any CPU
		{CBB189F6-0FE5-4472-B7FE-B42BB56AE1D2}.Debug|Any CPU.Build.0 = Debug|Any CPU
		{CBB189F6-0FE5-4472-B7FE-B42BB56AE1D2}.Release|Any CPU.ActiveCfg = Release|Any CPU
		{CBB189F6-0FE5-4472-B7FE-B42BB56AE1D2}.Release|Any CPU.Build.0 = Release|Any CPU
	EndGlobalSection
	GlobalSection(SolutionProperties) = preSolution
		HideSolutionNode = FALSE
	EndGlobalSection
	GlobalSection(NestedProjects) = preSolution
		{E5AE8FAA-E717-40EA-9D0F-259FC099D7D4} = {1E6DD700-E344-49F1-9E50-7E3C37BBAB2A}
		{4A32CC07-66DB-4024-914D-BF146679A03D} = {1E6DD700-E344-49F1-9E50-7E3C37BBAB2A}
		{CBB189F6-0FE5-4472-B7FE-B42BB56AE1D2} = {1E6DD700-E344-49F1-9E50-7E3C37BBAB2A}
	EndGlobalSection
	GlobalSection(ExtensibilityGlobals) = postSolution
		SolutionGuid = {F3FD796A-DE9E-41ED-87FC-32E7ECF94ECF}
	EndGlobalSection
EndGlobal
